
Microsoft Visual Studio Solution File, Format Version 12.00
# Visual Studio Version 16
VisualStudioVersion = 16.0.30621.155
MinimumVisualStudioVersion = 10.0.40219.1
Project("{FAE04EC0-301F-11D3-BF4B-00C04F79EFBC}") = "MoviesWebApp", "MoviesWebApp.csproj", "{2F9BA1BB-553C-4B67-88D0-1916EFE16F47}"
EndProject
Global
	GlobalSection(SolutionConfigurationPlatforms) = preSolution
		Debug|Any CPU = Debug|Any CPU
		Release|Any CPU = Release|Any CPU
	EndGlobalSection
	GlobalSection(ProjectConfigurationPlatforms) = postSolution
		{2F9BA1BB-553C-4B67-88D0-1916EFE16F47}.Debug|Any CPU.ActiveCfg = Debug|Any CPU
		{2F9BA1BB-553C-4B67-88D0-1916EFE16F47}.Debug|Any CPU.Build.0 = Debug|Any CPU
		{2F9BA1BB-553C-4B67-88D0-1916EFE16F47}.Release|Any CPU.ActiveCfg = Release|Any CPU
		{2F9BA1BB-553C-4B67-88D0-1916EFE16F47}.Release|Any CPU.Build.0 = Release|Any CPU
	EndGlobalSection
	GlobalSection(SolutionProperties) = preSolution
		HideSolutionNode = FALSE
	EndGlobalSection
	GlobalSection(ExtensibilityGlobals) = postSolution
		SolutionGuid = {FA7F903D-8B16-4942-8DB3-090937D64772}
	EndGlobalSection
EndGlobal
